# This file is automatically @generated by Cargo.
# It is not intended for manual editing.
version = 3

[[package]]
name = "blockingqueue"
version = "0.1.1"
source = "registry+https://github.com/rust-lang/crates.io-index"
checksum = "763bb38f196c65b369c68796e6d15b83d7eb63c354f2ab7c03c13edd13f2c4ff"

[[package]]
name = "client"
version = "0.1.0"

[[package]]
name = "crawler"
version = "0.1.0"
dependencies = [
 "blockingqueue",
]

[[package]]
name = "indexer"
version = "0.1.0"
